
Microsoft Visual Studio Solution File, Format Version 12.00
Project("{FAE04EC0-301F-11D3-BF4B-00C04F79EFBC}") = "PrimeOrdinance.Tests", "PrimeOrdinance.Tests\PrimeOrdinance.Tests.csproj", "{C3E6BADB-723F-4CCF-A9D0-17D03FEEFAC2}"
EndProject
Project("{FAE04EC0-301F-11D3-BF4B-00C04F79EFBC}") = "PrimeOrdinance", "PrimeOrdinance\PrimeOrdinance.csproj", "{011025F7-610D-4EC3-9EC4-2544ABE43E13}"
EndProject
Project("{FAE04EC0-301F-11D3-BF4B-00C04F79EFBC}") = "PrimeOrdinance.Client", "PrimeOrdinance.Client\PrimeOrdinance.Client.csproj", "{10D70006-39AE-4EB3-AABE-E31439AF5C7C}"
EndProject
Project("{FAE04EC0-301F-11D3-BF4B-00C04F79EFBC}") = "PrimeOrdinance.Server", "PrimeOrdinance.Server\PrimeOrdinance.Server.csproj", "{9B775C23-6A51-4CB9-A0D3-DE9F7A9FD5BD}"
EndProject
Project("{FAE04EC0-301F-11D3-BF4B-00C04F79EFBC}") = "PrimeOrdinance.Protocols", "PrimeOrdinance.Protocols\PrimeOrdinance.Protocols.csproj", "{DA437042-4026-4D16-8EC2-B58B432B72C8}"
EndProject
Global
	GlobalSection(SolutionConfigurationPlatforms) = preSolution
		Debug|Any CPU = Debug|Any CPU
		Release|Any CPU = Release|Any CPU
	EndGlobalSection
	GlobalSection(ProjectConfigurationPlatforms) = postSolution
		{C3E6BADB-723F-4CCF-A9D0-17D03FEEFAC2}.Debug|Any CPU.ActiveCfg = Debug|Any CPU
		{C3E6BADB-723F-4CCF-A9D0-17D03FEEFAC2}.Debug|Any CPU.Build.0 = Debug|Any CPU
		{C3E6BADB-723F-4CCF-A9D0-17D03FEEFAC2}.Release|Any CPU.ActiveCfg = Release|Any CPU
		{C3E6BADB-723F-4CCF-A9D0-17D03FEEFAC2}.Release|Any CPU.Build.0 = Release|Any CPU
		{011025F7-610D-4EC3-9EC4-2544ABE43E13}.Debug|Any CPU.ActiveCfg = Debug|Any CPU
		{011025F7-610D-4EC3-9EC4-2544ABE43E13}.Debug|Any CPU.Build.0 = Debug|Any CPU
		{011025F7-610D-4EC3-9EC4-2544ABE43E13}.Release|Any CPU.ActiveCfg = Release|Any CPU
		{011025F7-610D-4EC3-9EC4-2544ABE43E13}.Release|Any CPU.Build.0 = Release|Any CPU
		{10D70006-39AE-4EB3-AABE-E31439AF5C7C}.Debug|Any CPU.ActiveCfg = Debug|Any CPU
		{10D70006-39AE-4EB3-AABE-E31439AF5C7C}.Debug|Any CPU.Build.0 = Debug|Any CPU
		{10D70006-39AE-4EB3-AABE-E31439AF5C7C}.Release|Any CPU.ActiveCfg = Release|Any CPU
		{10D70006-39AE-4EB3-AABE-E31439AF5C7C}.Release|Any CPU.Build.0 = Release|Any CPU
		{9B775C23-6A51-4CB9-A0D3-DE9F7A9FD5BD}.Debug|Any CPU.ActiveCfg = Debug|Any CPU
		{9B775C23-6A51-4CB9-A0D3-DE9F7A9FD5BD}.Debug|Any CPU.Build.0 = Debug|Any CPU
		{9B775C23-6A51-4CB9-A0D3-DE9F7A9FD5BD}.Release|Any CPU.ActiveCfg = Release|Any CPU
		{9B775C23-6A51-4CB9-A0D3-DE9F7A9FD5BD}.Release|Any CPU.Build.0 = Release|Any CPU
		{DA437042-4026-4D16-8EC2-B58B432B72C8}.Debug|Any CPU.ActiveCfg = Debug|Any CPU
		{DA437042-4026-4D16-8EC2-B58B432B72C8}.Debug|Any CPU.Build.0 = Debug|Any CPU
		{DA437042-4026-4D16-8EC2-B58B432B72C8}.Release|Any CPU.ActiveCfg = Release|Any CPU
		{DA437042-4026-4D16-8EC2-B58B432B72C8}.Release|Any CPU.Build.0 = Release|Any CPU
	EndGlobalSection
EndGlobal
